
Microsoft Visual Studio Solution File, Format Version 12.00
# Visual Studio 15
VisualStudioVersion = 15.0.28307.421
MinimumVisualStudioVersion = 10.0.40219.1
Project("{FAE04EC0-301F-11D3-BF4B-00C04F79EFBC}") = "CommandPatternApp", "CommandPatternApp\CommandPatternApp.csproj", "{37B5DD69-3457-4549-8375-71524F2CF266}"
EndProject
Global
	GlobalSection(SolutionConfigurationPlatforms) = preSolution
		Debug|Any CPU = Debug|Any CPU
		Release|Any CPU = Release|Any CPU
	EndGlobalSection
	GlobalSection(ProjectConfigurationPlatforms) = postSolution
		{37B5DD69-3457-4549-8375-71524F2CF266}.Debug|Any CPU.ActiveCfg = Debug|Any CPU
		{37B5DD69-3457-4549-8375-71524F2CF266}.Debug|Any CPU.Build.0 = Debug|Any CPU
		{37B5DD69-3457-4549-8375-71524F2CF266}.Release|Any CPU.ActiveCfg = Release|Any CPU
		{37B5DD69-3457-4549-8375-71524F2CF266}.Release|Any CPU.Build.0 = Release|Any CPU
	EndGlobalSection
	GlobalSection(SolutionProperties) = preSolution
		HideSolutionNode = FALSE
	EndGlobalSection
	GlobalSection(ExtensibilityGlobals) = postSolution
		SolutionGuid = {D3170879-C4BB-488B-A099-8E1B22CED8F7}
	EndGlobalSection
EndGlobal
