
Microsoft Visual Studio Solution File, Format Version 12.00
# Visual Studio Version 16
VisualStudioVersion = 16.0.28803.156
MinimumVisualStudioVersion = 10.0.40219.1
Project("{FAE04EC0-301F-11D3-BF4B-00C04F79EFBC}") = "LoggerSample", "LoggerSample\LoggerSample.csproj", "{5DEDCD2E-DDAF-4BFE-964C-0C7B84F05A69}"
EndProject
Global
	GlobalSection(SolutionConfigurationPlatforms) = preSolution
		Debug|Any CPU = Debug|Any CPU
		Release|Any CPU = Release|Any CPU
	EndGlobalSection
	GlobalSection(ProjectConfigurationPlatforms) = postSolution
		{5DEDCD2E-DDAF-4BFE-964C-0C7B84F05A69}.Debug|Any CPU.ActiveCfg = Debug|Any CPU
		{5DEDCD2E-DDAF-4BFE-964C-0C7B84F05A69}.Debug|Any CPU.Build.0 = Debug|Any CPU
		{5DEDCD2E-DDAF-4BFE-964C-0C7B84F05A69}.Release|Any CPU.ActiveCfg = Release|Any CPU
		{5DEDCD2E-DDAF-4BFE-964C-0C7B84F05A69}.Release|Any CPU.Build.0 = Release|Any CPU
	EndGlobalSection
	GlobalSection(SolutionProperties) = preSolution
		HideSolutionNode = FALSE
	EndGlobalSection
	GlobalSection(ExtensibilityGlobals) = postSolution
		SolutionGuid = {7CA66111-ED44-44AD-AFC2-68A30B2AA951}
	EndGlobalSection
EndGlobal
