
Microsoft Visual Studio Solution File, Format Version 12.00
# Visual Studio Version 16
VisualStudioVersion = 16.0.28803.156
MinimumVisualStudioVersion = 10.0.40219.1
Project("{FAE04EC0-301F-11D3-BF4B-00C04F79EFBC}") = "ChatApp", "ChatApp\ChatApp.csproj", "{1526C24F-9B49-4034-BE43-D1FA7A7005A5}"
EndProject
Global
	GlobalSection(SolutionConfigurationPlatforms) = preSolution
		Debug|Any CPU = Debug|Any CPU
		Release|Any CPU = Release|Any CPU
	EndGlobalSection
	GlobalSection(ProjectConfigurationPlatforms) = postSolution
		{1526C24F-9B49-4034-BE43-D1FA7A7005A5}.Debug|Any CPU.ActiveCfg = Debug|Any CPU
		{1526C24F-9B49-4034-BE43-D1FA7A7005A5}.Debug|Any CPU.Build.0 = Debug|Any CPU
		{1526C24F-9B49-4034-BE43-D1FA7A7005A5}.Release|Any CPU.ActiveCfg = Release|Any CPU
		{1526C24F-9B49-4034-BE43-D1FA7A7005A5}.Release|Any CPU.Build.0 = Release|Any CPU
	EndGlobalSection
	GlobalSection(SolutionProperties) = preSolution
		HideSolutionNode = FALSE
	EndGlobalSection
	GlobalSection(ExtensibilityGlobals) = postSolution
		SolutionGuid = {B5B4E505-4AD9-4187-AF2E-99B173304F21}
	EndGlobalSection
EndGlobal
